
Microsoft Visual Studio Solution File, Format Version 12.00
# Visual Studio Version 17
VisualStudioVersion = 17.11.35222.181
MinimumVisualStudioVersion = 10.0.40219.1
Project("{FAE04EC0-301F-11D3-BF4B-00C04F79EFBC}") = "1b", "1b.csproj", "{361D6279-1462-4528-A19B-4F1303B0FE2D}"
EndProject
Project("{FAE04EC0-301F-11D3-BF4B-00C04F79EFBC}") = "1bTests", "..\1bTests\1bTests.csproj", "{911CE628-CC54-49DA-94BF-0DDB022FF1B3}"
EndProject
Global
	GlobalSection(SolutionConfigurationPlatforms) = preSolution
		Debug|Any CPU = Debug|Any CPU
		Release|Any CPU = Release|Any CPU
	EndGlobalSection
	GlobalSection(ProjectConfigurationPlatforms) = postSolution
		{361D6279-1462-4528-A19B-4F1303B0FE2D}.Debug|Any CPU.ActiveCfg = Debug|Any CPU
		{361D6279-1462-4528-A19B-4F1303B0FE2D}.Debug|Any CPU.Build.0 = Debug|Any CPU
		{361D6279-1462-4528-A19B-4F1303B0FE2D}.Release|Any CPU.ActiveCfg = Release|Any CPU
		{361D6279-1462-4528-A19B-4F1303B0FE2D}.Release|Any CPU.Build.0 = Release|Any CPU
		{911CE628-CC54-49DA-94BF-0DDB022FF1B3}.Debug|Any CPU.ActiveCfg = Debug|Any CPU
		{911CE628-CC54-49DA-94BF-0DDB022FF1B3}.Debug|Any CPU.Build.0 = Debug|Any CPU
		{911CE628-CC54-49DA-94BF-0DDB022FF1B3}.Release|Any CPU.ActiveCfg = Release|Any CPU
		{911CE628-CC54-49DA-94BF-0DDB022FF1B3}.Release|Any CPU.Build.0 = Release|Any CPU
	EndGlobalSection
	GlobalSection(SolutionProperties) = preSolution
		HideSolutionNode = FALSE
	EndGlobalSection
	GlobalSection(ExtensibilityGlobals) = postSolution
		SolutionGuid = {4713D936-58A9-43CB-9FCA-A8345DE297A1}
	EndGlobalSection
EndGlobal
