
Microsoft Visual Studio Solution File, Format Version 12.00
# Visual Studio Version 17
VisualStudioVersion = 17.9.34622.214
MinimumVisualStudioVersion = 10.0.40219.1
Project("{FAE04EC0-301F-11D3-BF4B-00C04F79EFBC}") = "b2", "b2.csproj", "{B264255B-31DE-4680-BCC7-52D8A56C5DDA}"
EndProject
Global
	GlobalSection(SolutionConfigurationPlatforms) = preSolution
		Debug|Any CPU = Debug|Any CPU
		Release|Any CPU = Release|Any CPU
	EndGlobalSection
	GlobalSection(ProjectConfigurationPlatforms) = postSolution
		{B264255B-31DE-4680-BCC7-52D8A56C5DDA}.Debug|Any CPU.ActiveCfg = Debug|Any CPU
		{B264255B-31DE-4680-BCC7-52D8A56C5DDA}.Debug|Any CPU.Build.0 = Debug|Any CPU
		{B264255B-31DE-4680-BCC7-52D8A56C5DDA}.Release|Any CPU.ActiveCfg = Release|Any CPU
		{B264255B-31DE-4680-BCC7-52D8A56C5DDA}.Release|Any CPU.Build.0 = Release|Any CPU
	EndGlobalSection
	GlobalSection(SolutionProperties) = preSolution
		HideSolutionNode = FALSE
	EndGlobalSection
	GlobalSection(ExtensibilityGlobals) = postSolution
		SolutionGuid = {FA808997-7180-45ED-9F32-33CA51D026AE}
	EndGlobalSection
EndGlobal
