
Microsoft Visual Studio Solution File, Format Version 12.00
# Visual Studio Version 17
VisualStudioVersion = 17.9.34622.214
MinimumVisualStudioVersion = 10.0.40219.1
Project("{FAE04EC0-301F-11D3-BF4B-00C04F79EFBC}") = "e3", "e3.csproj", "{6B49510F-ADF6-4FC6-AB6E-AFA6BC5F3C80}"
EndProject
Global
	GlobalSection(SolutionConfigurationPlatforms) = preSolution
		Debug|Any CPU = Debug|Any CPU
		Release|Any CPU = Release|Any CPU
	EndGlobalSection
	GlobalSection(ProjectConfigurationPlatforms) = postSolution
		{6B49510F-ADF6-4FC6-AB6E-AFA6BC5F3C80}.Debug|Any CPU.ActiveCfg = Debug|Any CPU
		{6B49510F-ADF6-4FC6-AB6E-AFA6BC5F3C80}.Debug|Any CPU.Build.0 = Debug|Any CPU
		{6B49510F-ADF6-4FC6-AB6E-AFA6BC5F3C80}.Release|Any CPU.ActiveCfg = Release|Any CPU
		{6B49510F-ADF6-4FC6-AB6E-AFA6BC5F3C80}.Release|Any CPU.Build.0 = Release|Any CPU
	EndGlobalSection
	GlobalSection(SolutionProperties) = preSolution
		HideSolutionNode = FALSE
	EndGlobalSection
	GlobalSection(ExtensibilityGlobals) = postSolution
		SolutionGuid = {FD547FD4-0906-4905-89E9-3350180FFB04}
	EndGlobalSection
EndGlobal
