
Microsoft Visual Studio Solution File, Format Version 12.00
# Visual Studio Version 17
VisualStudioVersion = 17.9.34622.214
MinimumVisualStudioVersion = 10.0.40219.1
Project("{FAE04EC0-301F-11D3-BF4B-00C04F79EFBC}") = "d2", "d2.csproj", "{58226C8F-8E7F-490F-90AD-226C1F391108}"
EndProject
Global
	GlobalSection(SolutionConfigurationPlatforms) = preSolution
		Debug|Any CPU = Debug|Any CPU
		Release|Any CPU = Release|Any CPU
	EndGlobalSection
	GlobalSection(ProjectConfigurationPlatforms) = postSolution
		{58226C8F-8E7F-490F-90AD-226C1F391108}.Debug|Any CPU.ActiveCfg = Debug|Any CPU
		{58226C8F-8E7F-490F-90AD-226C1F391108}.Debug|Any CPU.Build.0 = Debug|Any CPU
		{58226C8F-8E7F-490F-90AD-226C1F391108}.Release|Any CPU.ActiveCfg = Release|Any CPU
		{58226C8F-8E7F-490F-90AD-226C1F391108}.Release|Any CPU.Build.0 = Release|Any CPU
	EndGlobalSection
	GlobalSection(SolutionProperties) = preSolution
		HideSolutionNode = FALSE
	EndGlobalSection
	GlobalSection(ExtensibilityGlobals) = postSolution
		SolutionGuid = {1DDCC3F9-2743-491C-8253-7BC7C21CA3A4}
	EndGlobalSection
EndGlobal
