
Microsoft Visual Studio Solution File, Format Version 12.00
# Visual Studio Version 17
VisualStudioVersion = 17.9.34622.214
MinimumVisualStudioVersion = 10.0.40219.1
Project("{FAE04EC0-301F-11D3-BF4B-00C04F79EFBC}") = "c1.List", "c1.List.csproj", "{491969B3-B26A-4AC4-83A1-6E779A2DEB71}"
EndProject
Global
	GlobalSection(SolutionConfigurationPlatforms) = preSolution
		Debug|Any CPU = Debug|Any CPU
		Release|Any CPU = Release|Any CPU
	EndGlobalSection
	GlobalSection(ProjectConfigurationPlatforms) = postSolution
		{491969B3-B26A-4AC4-83A1-6E779A2DEB71}.Debug|Any CPU.ActiveCfg = Debug|Any CPU
		{491969B3-B26A-4AC4-83A1-6E779A2DEB71}.Debug|Any CPU.Build.0 = Debug|Any CPU
		{491969B3-B26A-4AC4-83A1-6E779A2DEB71}.Release|Any CPU.ActiveCfg = Release|Any CPU
		{491969B3-B26A-4AC4-83A1-6E779A2DEB71}.Release|Any CPU.Build.0 = Release|Any CPU
	EndGlobalSection
	GlobalSection(SolutionProperties) = preSolution
		HideSolutionNode = FALSE
	EndGlobalSection
	GlobalSection(ExtensibilityGlobals) = postSolution
		SolutionGuid = {08392A32-EB65-4B51-BC22-AB9FF2D3A847}
	EndGlobalSection
EndGlobal
